// !$*UTF8*$!
{
	archiveVersion = 1;
	classes = {
	};
	objectVersion = 56;
	objects = {

/* Begin PBXBuildFile section */
		2C6415AE2B60A73F00C39A25 /* RssFeedsViewModel.swift in Sources */ = {isa = PBXBuildFile; fileRef = 2C6415AD2B60A73F00C39A25 /* RssFeedsViewModel.swift */; };
		2CA2FA382B6093DB0024257F /* RSSFeedApp.swift in Sources */ = {isa = PBXBuildFile; fileRef = 2CA2FA372B6093DB0024257F /* RSSFeedApp.swift */; };
		2CA2FA3C2B6093DC0024257F /* Assets.xcassets in Resources */ = {isa = PBXBuildFile; fileRef = 2CA2FA3B2B6093DC0024257F /* Assets.xcassets */; };
		2CA2FA3F2B6093DC0024257F /* Preview Assets.xcassets in Resources */ = {isa = PBXBuildFile; fileRef = 2CA2FA3E2B6093DC0024257F /* Preview Assets.xcassets */; };
		2CA2FA492B6094920024257F /* RealmDatabaseManager.swift in Sources */ = {isa = PBXBuildFile; fileRef = 2CA2FA482B6094920024257F /* RealmDatabaseManager.swift */; };
		2CF38E382B60A0E100A6523F /* Realm in Frameworks */ = {isa = PBXBuildFile; productRef = 2CF38E372B60A0E100A6523F /* Realm */; };
		2CF38E3A2B60A0E100A6523F /* RealmSwift in Frameworks */ = {isa = PBXBuildFile; productRef = 2CF38E392B60A0E100A6523F /* RealmSwift */; };
		2CF38E3D2B60A15700A6523F /* NotificationManager.swift in Sources */ = {isa = PBXBuildFile; fileRef = 2CF38E3C2B60A15700A6523F /* NotificationManager.swift */; };
		2CF38E3F2B60A18100A6523F /* UserPreferences.swift in Sources */ = {isa = PBXBuildFile; fileRef = 2CF38E3E2B60A18100A6523F /* UserPreferences.swift */; };
		2CF38E422B60A1DD00A6523F /* StringExtension.swift in Sources */ = {isa = PBXBuildFile; fileRef = 2CF38E412B60A1DD00A6523F /* StringExtension.swift */; };
		2CF38E442B60A20800A6523F /* FeedItemExtension.swift in Sources */ = {isa = PBXBuildFile; fileRef = 2CF38E432B60A20800A6523F /* FeedItemExtension.swift */; };
		2CF38E472B60A29600A6523F /* FeedKit in Frameworks */ = {isa = PBXBuildFile; productRef = 2CF38E462B60A29600A6523F /* FeedKit */; };
		2CF38E4A2B60A2D100A6523F /* NetworkError.swift in Sources */ = {isa = PBXBuildFile; fileRef = 2CF38E492B60A2D100A6523F /* NetworkError.swift */; };
		2CF38E4D2B60A31600A6523F /* RSSFeedService.swift in Sources */ = {isa = PBXBuildFile; fileRef = 2CF38E4C2B60A31600A6523F /* RSSFeedService.swift */; };
		2CF38E502B60A34C00A6523F /* FeedDataRepository.swift in Sources */ = {isa = PBXBuildFile; fileRef = 2CF38E4F2B60A34C00A6523F /* FeedDataRepository.swift */; };
		2CF38E532B60A38E00A6523F /* RssFeed.swift in Sources */ = {isa = PBXBuildFile; fileRef = 2CF38E522B60A38E00A6523F /* RssFeed.swift */; };
		2CF38E552B60A3AA00A6523F /* RssFeedDTO.swift in Sources */ = {isa = PBXBuildFile; fileRef = 2CF38E542B60A3AA00A6523F /* RssFeedDTO.swift */; };
		2CF38E572B60A3BB00A6523F /* RssFeedItem.swift in Sources */ = {isa = PBXBuildFile; fileRef = 2CF38E562B60A3BB00A6523F /* RssFeedItem.swift */; };
		2CF38E592B60A3CD00A6523F /* RssFeedItemDTO.swift in Sources */ = {isa = PBXBuildFile; fileRef = 2CF38E582B60A3CD00A6523F /* RssFeedItemDTO.swift */; };
		2CF38E5C2B60A42800A6523F /* RSSFeedMainView.swift in Sources */ = {isa = PBXBuildFile; fileRef = 2CF38E5B2B60A42800A6523F /* RSSFeedMainView.swift */; };
		2CF38E602B60A45700A6523F /* RssFeedView.swift in Sources */ = {isa = PBXBuildFile; fileRef = 2CF38E5F2B60A45700A6523F /* RssFeedView.swift */; };
		2CF38E632B60A4C100A6523F /* AlertToast in Frameworks */ = {isa = PBXBuildFile; productRef = 2CF38E622B60A4C100A6523F /* AlertToast */; };
		2CF38E652B60A4F900A6523F /* AddFeedView.swift in Sources */ = {isa = PBXBuildFile; fileRef = 2CF38E642B60A4F900A6523F /* AddFeedView.swift */; };
		2CF38E672B60A51700A6523F /* FeedCellView.swift in Sources */ = {isa = PBXBuildFile; fileRef = 2CF38E662B60A51700A6523F /* FeedCellView.swift */; };
		2CF38E692B60A52500A6523F /* EmptyStateView.swift in Sources */ = {isa = PBXBuildFile; fileRef = 2CF38E682B60A52500A6523F /* EmptyStateView.swift */; };
		2CF38E6B2B60A53500A6523F /* FeedItemsListView.swift in Sources */ = {isa = PBXBuildFile; fileRef = 2CF38E6A2B60A53500A6523F /* FeedItemsListView.swift */; };
		2CF38E6D2B60A56A00A6523F /* RssFeedItemCellView.swift in Sources */ = {isa = PBXBuildFile; fileRef = 2CF38E6C2B60A56A00A6523F /* RssFeedItemCellView.swift */; };
		2CF38E6F2B60A58C00A6523F /* AddButtonView.swift in Sources */ = {isa = PBXBuildFile; fileRef = 2CF38E6E2B60A58C00A6523F /* AddButtonView.swift */; };
		2CF38E712B60A59F00A6523F /* SettingsView.swift in Sources */ = {isa = PBXBuildFile; fileRef = 2CF38E702B60A59F00A6523F /* SettingsView.swift */; };
		2CF38E732B60A5AF00A6523F /* SafariBrowserView.swift in Sources */ = {isa = PBXBuildFile; fileRef = 2CF38E722B60A5AF00A6523F /* SafariBrowserView.swift */; };
		2CF38E752B60A5C200A6523F /* WebView.swift in Sources */ = {isa = PBXBuildFile; fileRef = 2CF38E742B60A5C200A6523F /* WebView.swift */; };
		2CF38E772B60A5D100A6523F /* URLTextFieldStyle.swift in Sources */ = {isa = PBXBuildFile; fileRef = 2CF38E762B60A5D100A6523F /* URLTextFieldStyle.swift */; };
/* End PBXBuildFile section */

/* Begin PBXFileReference section */
		2C6415AD2B60A73F00C39A25 /* RssFeedsViewModel.swift */ = {isa = PBXFileReference; lastKnownFileType = sourcecode.swift; path = RssFeedsViewModel.swift; sourceTree = "<group>"; };
		2CA2FA342B6093DB0024257F /* RssFeed.app */ = {isa = PBXFileReference; explicitFileType = wrapper.application; includeInIndex = 0; path = RssFeed.app; sourceTree = BUILT_PRODUCTS_DIR; };
		2CA2FA372B6093DB0024257F /* RSSFeedApp.swift */ = {isa = PBXFileReference; lastKnownFileType = sourcecode.swift; path = RSSFeedApp.swift; sourceTree = "<group>"; };
		2CA2FA3B2B6093DC0024257F /* Assets.xcassets */ = {isa = PBXFileReference; lastKnownFileType = folder.assetcatalog; path = Assets.xcassets; sourceTree = "<group>"; };
		2CA2FA3E2B6093DC0024257F /* Preview Assets.xcassets */ = {isa = PBXFileReference; lastKnownFileType = folder.assetcatalog; path = "Preview Assets.xcassets"; sourceTree = "<group>"; };
		2CA2FA482B6094920024257F /* RealmDatabaseManager.swift */ = {isa = PBXFileReference; lastKnownFileType = sourcecode.swift; path = RealmDatabaseManager.swift; sourceTree = "<group>"; };
		2CF38E3C2B60A15700A6523F /* NotificationManager.swift */ = {isa = PBXFileReference; lastKnownFileType = sourcecode.swift; path = NotificationManager.swift; sourceTree = "<group>"; };
		2CF38E3E2B60A18100A6523F /* UserPreferences.swift */ = {isa = PBXFileReference; lastKnownFileType = sourcecode.swift; path = UserPreferences.swift; sourceTree = "<group>"; };
		2CF38E412B60A1DD00A6523F /* StringExtension.swift */ = {isa = PBXFileReference; lastKnownFileType = sourcecode.swift; path = StringExtension.swift; sourceTree = "<group>"; };
		2CF38E432B60A20800A6523F /* FeedItemExtension.swift */ = {isa = PBXFileReference; lastKnownFileType = sourcecode.swift; path = FeedItemExtension.swift; sourceTree = "<group>"; };
		2CF38E492B60A2D100A6523F /* NetworkError.swift */ = {isa = PBXFileReference; lastKnownFileType = sourcecode.swift; path = NetworkError.swift; sourceTree = "<group>"; };
		2CF38E4C2B60A31600A6523F /* RSSFeedService.swift */ = {isa = PBXFileReference; lastKnownFileType = sourcecode.swift; path = RSSFeedService.swift; sourceTree = "<group>"; };
		2CF38E4F2B60A34C00A6523F /* FeedDataRepository.swift */ = {isa = PBXFileReference; lastKnownFileType = sourcecode.swift; path = FeedDataRepository.swift; sourceTree = "<group>"; };
		2CF38E522B60A38E00A6523F /* RssFeed.swift */ = {isa = PBXFileReference; lastKnownFileType = sourcecode.swift; path = RssFeed.swift; sourceTree = "<group>"; };
		2CF38E542B60A3AA00A6523F /* RssFeedDTO.swift */ = {isa = PBXFileReference; lastKnownFileType = sourcecode.swift; path = RssFeedDTO.swift; sourceTree = "<group>"; };
		2CF38E562B60A3BB00A6523F /* RssFeedItem.swift */ = {isa = PBXFileReference; lastKnownFileType = sourcecode.swift; path = RssFeedItem.swift; sourceTree = "<group>"; };
		2CF38E582B60A3CD00A6523F /* RssFeedItemDTO.swift */ = {isa = PBXFileReference; lastKnownFileType = sourcecode.swift; path = RssFeedItemDTO.swift; sourceTree = "<group>"; };
		2CF38E5B2B60A42800A6523F /* RSSFeedMainView.swift */ = {isa = PBXFileReference; lastKnownFileType = sourcecode.swift; path = RSSFeedMainView.swift; sourceTree = "<group>"; };
		2CF38E5F2B60A45700A6523F /* RssFeedView.swift */ = {isa = PBXFileReference; lastKnownFileType = sourcecode.swift; path = RssFeedView.swift; sourceTree = "<group>"; };
		2CF38E642B60A4F900A6523F /* AddFeedView.swift */ = {isa = PBXFileReference; lastKnownFileType = sourcecode.swift; path = AddFeedView.swift; sourceTree = "<group>"; };
		2CF38E662B60A51700A6523F /* FeedCellView.swift */ = {isa = PBXFileReference; lastKnownFileType = sourcecode.swift; path = FeedCellView.swift; sourceTree = "<group>"; };
		2CF38E682B60A52500A6523F /* EmptyStateView.swift */ = {isa = PBXFileReference; lastKnownFileType = sourcecode.swift; path = EmptyStateView.swift; sourceTree = "<group>"; };
		2CF38E6A2B60A53500A6523F /* FeedItemsListView.swift */ = {isa = PBXFileReference; lastKnownFileType = sourcecode.swift; path = FeedItemsListView.swift; sourceTree = "<group>"; };
		2CF38E6C2B60A56A00A6523F /* RssFeedItemCellView.swift */ = {isa = PBXFileReference; lastKnownFileType = sourcecode.swift; path = RssFeedItemCellView.swift; sourceTree = "<group>"; };
		2CF38E6E2B60A58C00A6523F /* AddButtonView.swift */ = {isa = PBXFileReference; lastKnownFileType = sourcecode.swift; path = AddButtonView.swift; sourceTree = "<group>"; };
		2CF38E702B60A59F00A6523F /* SettingsView.swift */ = {isa = PBXFileReference; lastKnownFileType = sourcecode.swift; path = SettingsView.swift; sourceTree = "<group>"; };
		2CF38E722B60A5AF00A6523F /* SafariBrowserView.swift */ = {isa = PBXFileReference; lastKnownFileType = sourcecode.swift; path = SafariBrowserView.swift; sourceTree = "<group>"; };
		2CF38E742B60A5C200A6523F /* WebView.swift */ = {isa = PBXFileReference; lastKnownFileType = sourcecode.swift; path = WebView.swift; sourceTree = "<group>"; };
		2CF38E762B60A5D100A6523F /* URLTextFieldStyle.swift */ = {isa = PBXFileReference; lastKnownFileType = sourcecode.swift; path = URLTextFieldStyle.swift; sourceTree = "<group>"; };
/* End PBXFileReference section */

/* Begin PBXFrameworksBuildPhase section */
		2CA2FA312B6093DB0024257F /* Frameworks */ = {
			isa = PBXFrameworksBuildPhase;
			buildActionMask = 2147483647;
			files = (
				2CF38E472B60A29600A6523F /* FeedKit in Frameworks */,
				2CF38E632B60A4C100A6523F /* AlertToast in Frameworks */,
				2CF38E3A2B60A0E100A6523F /* RealmSwift in Frameworks */,
				2CF38E382B60A0E100A6523F /* Realm in Frameworks */,
			);
			runOnlyForDeploymentPostprocessing = 0;
		};
/* End PBXFrameworksBuildPhase section */

/* Begin PBXGroup section */
		2CA2FA2B2B6093DB0024257F = {
			isa = PBXGroup;
			children = (
				2CF38E782B60A66E00A6523F /* ViewModel */,
				2CF38E5A2B60A41100A6523F /* View */,
				2CF38E512B60A37200A6523F /* Model */,
				2CF38E4E2B60A32D00A6523F /* Repository */,
				2CF38E4B2B60A2EE00A6523F /* Services */,
				2CF38E482B60A2B000A6523F /* Enums */,
				2CA2FA372B6093DB0024257F /* RSSFeedApp.swift */,
				2CF38E402B60A1AD00A6523F /* Extension */,
				2CF38E3B2B60A11B00A6523F /* Manager */,
				2CA2FA452B6094690024257F /* DBM */,
				2CA2FA362B6093DB0024257F /* RssFeed */,
				2CA2FA352B6093DB0024257F /* Products */,
			);
			sourceTree = "<group>";
		};
		2CA2FA352B6093DB0024257F /* Products */ = {
			isa = PBXGroup;
			children = (
				2CA2FA342B6093DB0024257F /* RssFeed.app */,
			);
			name = Products;
			sourceTree = "<group>";
		};
		2CA2FA362B6093DB0024257F /* RssFeed */ = {
			isa = PBXGroup;
			children = (
				2CA2FA3B2B6093DC0024257F /* Assets.xcassets */,
				2CA2FA3D2B6093DC0024257F /* Preview Content */,
			);
			path = RssFeed;
			sourceTree = "<group>";
		};
		2CA2FA3D2B6093DC0024257F /* Preview Content */ = {
			isa = PBXGroup;
			children = (
				2CA2FA3E2B6093DC0024257F /* Preview Assets.xcassets */,
			);
			path = "Preview Content";
			sourceTree = "<group>";
		};
		2CA2FA452B6094690024257F /* DBM */ = {
			isa = PBXGroup;
			children = (
				2CA2FA482B6094920024257F /* RealmDatabaseManager.swift */,
			);
			path = DBM;
			sourceTree = "<group>";
		};
		2CF38E3B2B60A11B00A6523F /* Manager */ = {
			isa = PBXGroup;
			children = (
				2CF38E3C2B60A15700A6523F /* NotificationManager.swift */,
				2CF38E3E2B60A18100A6523F /* UserPreferences.swift */,
			);
			path = Manager;
			sourceTree = "<group>";
		};
		2CF38E402B60A1AD00A6523F /* Extension */ = {
			isa = PBXGroup;
			children = (
				2CF38E412B60A1DD00A6523F /* StringExtension.swift */,
				2CF38E432B60A20800A6523F /* FeedItemExtension.swift */,
			);
			path = Extension;
			sourceTree = "<group>";
		};
		2CF38E482B60A2B000A6523F /* Enums */ = {
			isa = PBXGroup;
			children = (
				2CF38E492B60A2D100A6523F /* NetworkError.swift */,
			);
			path = Enums;
			sourceTree = "<group>";
		};
		2CF38E4B2B60A2EE00A6523F /* Services */ = {
			isa = PBXGroup;
			children = (
				2CF38E4C2B60A31600A6523F /* RSSFeedService.swift */,
			);
			path = Services;
			sourceTree = "<group>";
		};
		2CF38E4E2B60A32D00A6523F /* Repository */ = {
			isa = PBXGroup;
			children = (
				2CF38E4F2B60A34C00A6523F /* FeedDataRepository.swift */,
			);
			path = Repository;
			sourceTree = "<group>";
		};
		2CF38E512B60A37200A6523F /* Model */ = {
			isa = PBXGroup;
			children = (
				2CF38E522B60A38E00A6523F /* RssFeed.swift */,
				2CF38E542B60A3AA00A6523F /* RssFeedDTO.swift */,
				2CF38E562B60A3BB00A6523F /* RssFeedItem.swift */,
				2CF38E582B60A3CD00A6523F /* RssFeedItemDTO.swift */,
			);
			path = Model;
			sourceTree = "<group>";
		};
		2CF38E5A2B60A41100A6523F /* View */ = {
			isa = PBXGroup;
			children = (
				2CF38E5B2B60A42800A6523F /* RSSFeedMainView.swift */,
				2CF38E5F2B60A45700A6523F /* RssFeedView.swift */,
				2CF38E642B60A4F900A6523F /* AddFeedView.swift */,
				2CF38E662B60A51700A6523F /* FeedCellView.swift */,
				2CF38E682B60A52500A6523F /* EmptyStateView.swift */,
				2CF38E6A2B60A53500A6523F /* FeedItemsListView.swift */,
				2CF38E6C2B60A56A00A6523F /* RssFeedItemCellView.swift */,
				2CF38E6E2B60A58C00A6523F /* AddButtonView.swift */,
				2CF38E702B60A59F00A6523F /* SettingsView.swift */,
				2CF38E722B60A5AF00A6523F /* SafariBrowserView.swift */,
				2CF38E742B60A5C200A6523F /* WebView.swift */,
				2CF38E762B60A5D100A6523F /* URLTextFieldStyle.swift */,
			);
			path = View;
			sourceTree = "<group>";
		};
		2CF38E782B60A66E00A6523F /* ViewModel */ = {
			isa = PBXGroup;
			children = (
				2C6415AD2B60A73F00C39A25 /* RssFeedsViewModel.swift */,
			);
			path = ViewModel;
			sourceTree = "<group>";
		};
/* End PBXGroup section */

/* Begin PBXNativeTarget section */
		2CA2FA332B6093DB0024257F /* RssFeed */ = {
			isa = PBXNativeTarget;
			buildConfigurationList = 2CA2FA422B6093DC0024257F /* Build configuration list for PBXNativeTarget "RssFeed" */;
			buildPhases = (
				2CA2FA302B6093DB0024257F /* Sources */,
				2CA2FA312B6093DB0024257F /* Frameworks */,
				2CA2FA322B6093DB0024257F /* Resources */,
			);
			buildRules = (
			);
			dependencies = (
			);
			name = RssFeed;
			packageProductDependencies = (
				2CF38E372B60A0E100A6523F /* Realm */,
				2CF38E392B60A0E100A6523F /* RealmSwift */,
				2CF38E462B60A29600A6523F /* FeedKit */,
				2CF38E622B60A4C100A6523F /* AlertToast */,
			);
			productName = RssFeed;
			productReference = 2CA2FA342B6093DB0024257F /* RssFeed.app */;
			productType = "com.apple.product-type.application";
		};
/* End PBXNativeTarget section */

/* Begin PBXProject section */
		2CA2FA2C2B6093DB0024257F /* Project object */ = {
			isa = PBXProject;
			attributes = {
				BuildIndependentTargetsInParallel = 1;
				LastSwiftUpdateCheck = 1410;
				LastUpgradeCheck = 1410;
				TargetAttributes = {
					2CA2FA332B6093DB0024257F = {
						CreatedOnToolsVersion = 14.1;
					};
				};
			};
			buildConfigurationList = 2CA2FA2F2B6093DB0024257F /* Build configuration list for PBXProject "RssFeed" */;
			compatibilityVersion = "Xcode 14.0";
			developmentRegion = en;
			hasScannedForEncodings = 0;
			knownRegions = (
				en,
				Base,
			);
			mainGroup = 2CA2FA2B2B6093DB0024257F;
			packageReferences = (
				2CF38E362B60A0E100A6523F /* XCRemoteSwiftPackageReference "realm-cocoa" */,
				2CF38E452B60A29600A6523F /* XCRemoteSwiftPackageReference "FeedKit" */,
				2CF38E612B60A4C100A6523F /* XCRemoteSwiftPackageReference "AlertToast-SwiftUI" */,
			);
			productRefGroup = 2CA2FA352B6093DB0024257F /* Products */;
			projectDirPath = "";
			projectRoot = "";
			targets = (
				2CA2FA332B6093DB0024257F /* RssFeed */,
			);
		};
/* End PBXProject section */

/* Begin PBXResourcesBuildPhase section */
		2CA2FA322B6093DB0024257F /* Resources */ = {
			isa = PBXResourcesBuildPhase;
			buildActionMask = 2147483647;
			files = (
				2CA2FA3F2B6093DC0024257F /* Preview Assets.xcassets in Resources */,
				2CA2FA3C2B6093DC0024257F /* Assets.xcassets in Resources */,
			);
			runOnlyForDeploymentPostprocessing = 0;
		};
/* End PBXResourcesBuildPhase section */

/* Begin PBXSourcesBuildPhase section */
		2CA2FA302B6093DB0024257F /* Sources */ = {
			isa = PBXSourcesBuildPhase;
			buildActionMask = 2147483647;
			files = (
				2CF38E3F2B60A18100A6523F /* UserPreferences.swift in Sources */,
				2CF38E572B60A3BB00A6523F /* RssFeedItem.swift in Sources */,
				2CF38E4A2B60A2D100A6523F /* NetworkError.swift in Sources */,
				2CF38E602B60A45700A6523F /* RssFeedView.swift in Sources */,
				2CF38E732B60A5AF00A6523F /* SafariBrowserView.swift in Sources */,
				2CF38E652B60A4F900A6523F /* AddFeedView.swift in Sources */,
				2CF38E3D2B60A15700A6523F /* NotificationManager.swift in Sources */,
				2CF38E532B60A38E00A6523F /* RssFeed.swift in Sources */,
				2CF38E672B60A51700A6523F /* FeedCellView.swift in Sources */,
				2CF38E442B60A20800A6523F /* FeedItemExtension.swift in Sources */,
				2CF38E712B60A59F00A6523F /* SettingsView.swift in Sources */,
				2CF38E752B60A5C200A6523F /* WebView.swift in Sources */,
				2CF38E4D2B60A31600A6523F /* RSSFeedService.swift in Sources */,
				2C6415AE2B60A73F00C39A25 /* RssFeedsViewModel.swift in Sources */,
				2CF38E422B60A1DD00A6523F /* StringExtension.swift in Sources */,
				2CF38E502B60A34C00A6523F /* FeedDataRepository.swift in Sources */,
				2CF38E592B60A3CD00A6523F /* RssFeedItemDTO.swift in Sources */,
				2CA2FA492B6094920024257F /* RealmDatabaseManager.swift in Sources */,
				2CF38E772B60A5D100A6523F /* URLTextFieldStyle.swift in Sources */,
				2CF38E6D2B60A56A00A6523F /* RssFeedItemCellView.swift in Sources */,
				2CF38E552B60A3AA00A6523F /* RssFeedDTO.swift in Sources */,
				2CF38E5C2B60A42800A6523F /* RSSFeedMainView.swift in Sources */,
				2CF38E6F2B60A58C00A6523F /* AddButtonView.swift in Sources */,
				2CF38E692B60A52500A6523F /* EmptyStateView.swift in Sources */,
				2CF38E6B2B60A53500A6523F /* FeedItemsListView.swift in Sources */,
				2CA2FA382B6093DB0024257F /* RSSFeedApp.swift in Sources */,
			);
			runOnlyForDeploymentPostprocessing = 0;
		};
/* End PBXSourcesBuildPhase section */

/* Begin XCBuildConfiguration section */
		2CA2FA402B6093DC0024257F /* Debug */ = {
			isa = XCBuildConfiguration;
			buildSettings = {
				ALWAYS_SEARCH_USER_PATHS = NO;
				ARCHS = "$(ARCHS_STANDARD)";
				CLANG_ANALYZER_NONNULL = YES;
				CLANG_ANALYZER_NUMBER_OBJECT_CONVERSION = YES_AGGRESSIVE;
				CLANG_CXX_LANGUAGE_STANDARD = "gnu++20";
				CLANG_ENABLE_MODULES = YES;
				CLANG_ENABLE_OBJC_ARC = YES;
				CLANG_ENABLE_OBJC_WEAK = YES;
				CLANG_WARN_BLOCK_CAPTURE_AUTORELEASING = YES;
				CLANG_WARN_BOOL_CONVERSION = YES;
				CLANG_WARN_COMMA = YES;
				CLANG_WARN_CONSTANT_CONVERSION = YES;
				CLANG_WARN_DEPRECATED_OBJC_IMPLEMENTATIONS = YES;
				CLANG_WARN_DIRECT_OBJC_ISA_USAGE = YES_ERROR;
				CLANG_WARN_DOCUMENTATION_COMMENTS = YES;
				CLANG_WARN_EMPTY_BODY = YES;
				CLANG_WARN_ENUM_CONVERSION = YES;
				CLANG_WARN_INFINITE_RECURSION = YES;
				CLANG_WARN_INT_CONVERSION = YES;
				CLANG_WARN_NON_LITERAL_NULL_CONVERSION = YES;
				CLANG_WARN_OBJC_IMPLICIT_RETAIN_SELF = YES;
				CLANG_WARN_OBJC_LITERAL_CONVERSION = YES;
				CLANG_WARN_OBJC_ROOT_CLASS = YES_ERROR;
				CLANG_WARN_QUOTED_INCLUDE_IN_FRAMEWORK_HEADER = YES;
				CLANG_WARN_RANGE_LOOP_ANALYSIS = YES;
				CLANG_WARN_STRICT_PROTOTYPES = YES;
				CLANG_WARN_SUSPICIOUS_MOVE = YES;
				CLANG_WARN_UNGUARDED_AVAILABILITY = YES_AGGRESSIVE;
				CLANG_WARN_UNREACHABLE_CODE = YES;
				CLANG_WARN__DUPLICATE_METHOD_MATCH = YES;
				COPY_PHASE_STRIP = NO;
				DEBUG_INFORMATION_FORMAT = dwarf;
				ENABLE_STRICT_OBJC_MSGSEND = YES;
				ENABLE_TESTABILITY = YES;
				"EXCLUDED_ARCHS[sdk=iphonesimulator*]" = arm64;
				GCC_C_LANGUAGE_STANDARD = gnu11;
				GCC_DYNAMIC_NO_PIC = NO;
				GCC_NO_COMMON_BLOCKS = YES;
				GCC_OPTIMIZATION_LEVEL = 0;
				GCC_PREPROCESSOR_DEFINITIONS = (
					"DEBUG=1",
					"$(inherited)",
				);
				GCC_WARN_64_TO_32_BIT_CONVERSION = YES;
				GCC_WARN_ABOUT_RETURN_TYPE = YES_ERROR;
				GCC_WARN_UNDECLARED_SELECTOR = YES;
				GCC_WARN_UNINITIALIZED_AUTOS = YES_AGGRESSIVE;
				GCC_WARN_UNUSED_FUNCTION = YES;
				GCC_WARN_UNUSED_VARIABLE = YES;
				IPHONEOS_DEPLOYMENT_TARGET = 16.1;
				MTL_ENABLE_DEBUG_INFO = INCLUDE_SOURCE;
				MTL_FAST_MATH = YES;
				ONLY_ACTIVE_ARCH = YES;
				SDKROOT = iphoneos;
				SWIFT_ACTIVE_COMPILATION_CONDITIONS = DEBUG;
				SWIFT_OPTIMIZATION_LEVEL = "-Onone";
			};
			name = Debug;
		};
		2CA2FA412B6093DC0024257F /* Release */ = {
			isa = XCBuildConfiguration;
			buildSettings = {
				ALWAYS_SEARCH_USER_PATHS = NO;
				ARCHS = "$(ARCHS_STANDARD)";
				CLANG_ANALYZER_NONNULL = YES;
				CLANG_ANALYZER_NUMBER_OBJECT_CONVERSION = YES_AGGRESSIVE;
				CLANG_CXX_LANGUAGE_STANDARD = "gnu++20";
				CLANG_ENABLE_MODULES = YES;
				CLANG_ENABLE_OBJC_ARC = YES;
				CLANG_ENABLE_OBJC_WEAK = YES;
				CLANG_WARN_BLOCK_CAPTURE_AUTORELEASING = YES;
				CLANG_WARN_BOOL_CONVERSION = YES;
				CLANG_WARN_COMMA = YES;
				CLANG_WARN_CONSTANT_CONVERSION = YES;
				CLANG_WARN_DEPRECATED_OBJC_IMPLEMENTATIONS = YES;
				CLANG_WARN_DIRECT_OBJC_ISA_USAGE = YES_ERROR;
				CLANG_WARN_DOCUMENTATION_COMMENTS = YES;
				CLANG_WARN_EMPTY_BODY = YES;
				CLANG_WARN_ENUM_CONVERSION = YES;
				CLANG_WARN_INFINITE_RECURSION = YES;
				CLANG_WARN_INT_CONVERSION = YES;
				CLANG_WARN_NON_LITERAL_NULL_CONVERSION = YES;
				CLANG_WARN_OBJC_IMPLICIT_RETAIN_SELF = YES;
				CLANG_WARN_OBJC_LITERAL_CONVERSION = YES;
				CLANG_WARN_OBJC_ROOT_CLASS = YES_ERROR;
				CLANG_WARN_QUOTED_INCLUDE_IN_FRAMEWORK_HEADER = YES;
				CLANG_WARN_RANGE_LOOP_ANALYSIS = YES;
				CLANG_WARN_STRICT_PROTOTYPES = YES;
				CLANG_WARN_SUSPICIOUS_MOVE = YES;
				CLANG_WARN_UNGUARDED_AVAILABILITY = YES_AGGRESSIVE;
				CLANG_WARN_UNREACHABLE_CODE = YES;
				CLANG_WARN__DUPLICATE_METHOD_MATCH = YES;
				COPY_PHASE_STRIP = NO;
				DEBUG_INFORMATION_FORMAT = "dwarf-with-dsym";
				ENABLE_NS_ASSERTIONS = NO;
				ENABLE_STRICT_OBJC_MSGSEND = YES;
				"EXCLUDED_ARCHS[sdk=*]" = arm64;
				GCC_C_LANGUAGE_STANDARD = gnu11;
				GCC_NO_COMMON_BLOCKS = YES;
				GCC_WARN_64_TO_32_BIT_CONVERSION = YES;
				GCC_WARN_ABOUT_RETURN_TYPE = YES_ERROR;
				GCC_WARN_UNDECLARED_SELECTOR = YES;
				GCC_WARN_UNINITIALIZED_AUTOS = YES_AGGRESSIVE;
				GCC_WARN_UNUSED_FUNCTION = YES;
				GCC_WARN_UNUSED_VARIABLE = YES;
				IPHONEOS_DEPLOYMENT_TARGET = 16.1;
				MTL_ENABLE_DEBUG_INFO = NO;
				MTL_FAST_MATH = YES;
				SDKROOT = iphoneos;
				SWIFT_COMPILATION_MODE = wholemodule;
				SWIFT_OPTIMIZATION_LEVEL = "-O";
				VALIDATE_PRODUCT = YES;
			};
			name = Release;
		};
		2CA2FA432B6093DC0024257F /* Debug */ = {
			isa = XCBuildConfiguration;
			buildSettings = {
				ASSETCATALOG_COMPILER_APPICON_NAME = AppIcon;
				ASSETCATALOG_COMPILER_GLOBAL_ACCENT_COLOR_NAME = AccentColor;
				CODE_SIGN_STYLE = Automatic;
				CURRENT_PROJECT_VERSION = 1;
				DEVELOPMENT_ASSET_PATHS = "\"RssFeed/Preview Content\"";
				DEVELOPMENT_TEAM = AYZK6U554S;
				ENABLE_PREVIEWS = YES;
				"EXCLUDED_ARCHS[sdk=iphonesimulator*]" = arm64;
				GENERATE_INFOPLIST_FILE = YES;
				INFOPLIST_KEY_UIApplicationSceneManifest_Generation = YES;
				INFOPLIST_KEY_UIApplicationSupportsIndirectInputEvents = YES;
				INFOPLIST_KEY_UILaunchScreen_Generation = YES;
				INFOPLIST_KEY_UISupportedInterfaceOrientations_iPad = "UIInterfaceOrientationPortrait UIInterfaceOrientationPortraitUpsideDown UIInterfaceOrientationLandscapeLeft UIInterfaceOrientationLandscapeRight";
				INFOPLIST_KEY_UISupportedInterfaceOrientations_iPhone = "UIInterfaceOrientationPortrait UIInterfaceOrientationLandscapeLeft UIInterfaceOrientationLandscapeRight";
				LD_RUNPATH_SEARCH_PATHS = (
					"$(inherited)",
					"@executable_path/Frameworks",
				);
				MARKETING_VERSION = 1.0;
				PRODUCT_BUNDLE_IDENTIFIER = "ivanjuranic-icloud.com.RssFeed";
				PRODUCT_NAME = "$(TARGET_NAME)";
				SWIFT_EMIT_LOC_STRINGS = YES;
				SWIFT_VERSION = 5.0;
				TARGETED_DEVICE_FAMILY = "1,2";
			};
			name = Debug;
		};
		2CA2FA442B6093DC0024257F /* Release */ = {
			isa = XCBuildConfiguration;
			buildSettings = {
				ASSETCATALOG_COMPILER_APPICON_NAME = AppIcon;
				ASSETCATALOG_COMPILER_GLOBAL_ACCENT_COLOR_NAME = AccentColor;
				CODE_SIGN_STYLE = Automatic;
				CURRENT_PROJECT_VERSION = 1;
				DEVELOPMENT_ASSET_PATHS = "\"RssFeed/Preview Content\"";
				DEVELOPMENT_TEAM = AYZK6U554S;
				ENABLE_PREVIEWS = YES;
				"EXCLUDED_ARCHS[sdk=iphonesimulator*]" = arm64;
				GENERATE_INFOPLIST_FILE = YES;
				INFOPLIST_KEY_UIApplicationSceneManifest_Generation = YES;
				INFOPLIST_KEY_UIApplicationSupportsIndirectInputEvents = YES;
				INFOPLIST_KEY_UILaunchScreen_Generation = YES;
				INFOPLIST_KEY_UISupportedInterfaceOrientations_iPad = "UIInterfaceOrientationPortrait UIInterfaceOrientationPortraitUpsideDown UIInterfaceOrientationLandscapeLeft UIInterfaceOrientationLandscapeRight";
				INFOPLIST_KEY_UISupportedInterfaceOrientations_iPhone = "UIInterfaceOrientationPortrait UIInterfaceOrientationLandscapeLeft UIInterfaceOrientationLandscapeRight";
				LD_RUNPATH_SEARCH_PATHS = (
					"$(inherited)",
					"@executable_path/Frameworks",
				);
				MARKETING_VERSION = 1.0;
				PRODUCT_BUNDLE_IDENTIFIER = "ivanjuranic-icloud.com.RssFeed";
				PRODUCT_NAME = "$(TARGET_NAME)";
				SWIFT_EMIT_LOC_STRINGS = YES;
				SWIFT_VERSION = 5.0;
				TARGETED_DEVICE_FAMILY = "1,2";
			};
			name = Release;
		};
/* End XCBuildConfiguration section */

/* Begin XCConfigurationList section */
		2CA2FA2F2B6093DB0024257F /* Build configuration list for PBXProject "RssFeed" */ = {
			isa = XCConfigurationList;
			buildConfigurations = (
				2CA2FA402B6093DC0024257F /* Debug */,
				2CA2FA412B6093DC0024257F /* Release */,
			);
			defaultConfigurationIsVisible = 0;
			defaultConfigurationName = Release;
		};
		2CA2FA422B6093DC0024257F /* Build configuration list for PBXNativeTarget "RssFeed" */ = {
			isa = XCConfigurationList;
			buildConfigurations = (
				2CA2FA432B6093DC0024257F /* Debug */,
				2CA2FA442B6093DC0024257F /* Release */,
			);
			defaultConfigurationIsVisible = 0;
			defaultConfigurationName = Release;
		};
/* End XCConfigurationList section */

/* Begin XCRemoteSwiftPackageReference section */
		2CF38E362B60A0E100A6523F /* XCRemoteSwiftPackageReference "realm-cocoa" */ = {
			isa = XCRemoteSwiftPackageReference;
			repositoryURL = "https://github.com/realm/realm-cocoa";
			requirement = {
				branch = master;
				kind = branch;
			};
		};
		2CF38E452B60A29600A6523F /* XCRemoteSwiftPackageReference "FeedKit" */ = {
			isa = XCRemoteSwiftPackageReference;
			repositoryURL = "https://github.com/nmdias/FeedKit";
			requirement = {
				kind = upToNextMajorVersion;
				minimumVersion = 9.0.0;
			};
		};
		2CF38E612B60A4C100A6523F /* XCRemoteSwiftPackageReference "AlertToast-SwiftUI" */ = {
			isa = XCRemoteSwiftPackageReference;
			repositoryURL = "https://github.com/iOS-Swift-Controls/AlertToast-SwiftUI";
			requirement = {
				kind = upToNextMajorVersion;
				minimumVersion = 1.0.0;
			};
		};
/* End XCRemoteSwiftPackageReference section */

/* Begin XCSwiftPackageProductDependency section */
		2CF38E372B60A0E100A6523F /* Realm */ = {
			isa = XCSwiftPackageProductDependency;
			package = 2CF38E362B60A0E100A6523F /* XCRemoteSwiftPackageReference "realm-cocoa" */;
			productName = Realm;
		};
		2CF38E392B60A0E100A6523F /* RealmSwift */ = {
			isa = XCSwiftPackageProductDependency;
			package = 2CF38E362B60A0E100A6523F /* XCRemoteSwiftPackageReference "realm-cocoa" */;
			productName = RealmSwift;
		};
		2CF38E462B60A29600A6523F /* FeedKit */ = {
			isa = XCSwiftPackageProductDependency;
			package = 2CF38E452B60A29600A6523F /* XCRemoteSwiftPackageReference "FeedKit" */;
			productName = FeedKit;
		};
		2CF38E622B60A4C100A6523F /* AlertToast */ = {
			isa = XCSwiftPackageProductDependency;
			package = 2CF38E612B60A4C100A6523F /* XCRemoteSwiftPackageReference "AlertToast-SwiftUI" */;
			productName = AlertToast;
		};
/* End XCSwiftPackageProductDependency section */
	};
	rootObject = 2CA2FA2C2B6093DB0024257F /* Project object */;
}
